
Microsoft Visual Studio Solution File, Format Version 12.00
# Visual Studio Version 16
VisualStudioVersion = 25.0.1706.1
MinimumVisualStudioVersion = 10.0.40219.1
Project("{FAE04EC0-301F-11D3-BF4B-00C04F79EFBC}") = "OOP", "OOP\OOP.csproj", "{17D15933-2A8E-4DD3-B5A3-AE825E23BA8A}"
EndProject
Global
	GlobalSection(SolutionConfigurationPlatforms) = preSolution
		Debug|Any CPU = Debug|Any CPU
		Release|Any CPU = Release|Any CPU
	EndGlobalSection
	GlobalSection(ProjectConfigurationPlatforms) = postSolution
		{17D15933-2A8E-4DD3-B5A3-AE825E23BA8A}.Debug|Any CPU.ActiveCfg = Debug|Any CPU
		{17D15933-2A8E-4DD3-B5A3-AE825E23BA8A}.Debug|Any CPU.Build.0 = Debug|Any CPU
		{17D15933-2A8E-4DD3-B5A3-AE825E23BA8A}.Release|Any CPU.ActiveCfg = Release|Any CPU
		{17D15933-2A8E-4DD3-B5A3-AE825E23BA8A}.Release|Any CPU.Build.0 = Release|Any CPU
	EndGlobalSection
	GlobalSection(SolutionProperties) = preSolution
		HideSolutionNode = FALSE
	EndGlobalSection
	GlobalSection(ExtensibilityGlobals) = postSolution
		SolutionGuid = {DF83727C-BE55-4EC1-9041-7FB5865FBDDA}
	EndGlobalSection
EndGlobal
